// !$*UTF8*$!
{
	archiveVersion = 1;
	classes = {
	};
	objectVersion = 46;
	objects = {

/* Begin PBXBuildFile section */
		9AE08D981DC9C67E0082BF80 /* UMSocialCore.framework in Frameworks */ = {isa = PBXBuildFile; fileRef = 9AE08D961DC9C67E0082BF80 /* UMSocialCore.framework */; };
		9AE08D991DC9C67E0082BF80 /* UMSocialNetwork.framework in Frameworks */ = {isa = PBXBuildFile; fileRef = 9AE08D971DC9C67E0082BF80 /* UMSocialNetwork.framework */; };
		F111F3C61CE566070081ADC9 /* RCTUmengShare.h in CopyFiles */ = {isa = PBXBuildFile; fileRef = F111F3C51CE566070081ADC9 /* RCTUmengShare.h */; };
		F111F3C81CE566070081ADC9 /* RCTUmengShare.m in Sources */ = {isa = PBXBuildFile; fileRef = F111F3C71CE566070081ADC9 /* RCTUmengShare.m */; };
/* End PBXBuildFile section */

/* Begin PBXCopyFilesBuildPhase section */
		F111F3C01CE566070081ADC9 /* CopyFiles */ = {
			isa = PBXCopyFilesBuildPhase;
			buildActionMask = 2147483647;
			dstPath = "include/$(PRODUCT_NAME)";
			dstSubfolderSpec = 16;
			files = (
				F111F3C61CE566070081ADC9 /* RCTUmengShare.h in CopyFiles */,
			);
			runOnlyForDeploymentPostprocessing = 0;
		};
/* End PBXCopyFilesBuildPhase section */

/* Begin PBXFileReference section */
		9AE08D961DC9C67E0082BF80 /* UMSocialCore.framework */ = {isa = PBXFileReference; lastKnownFileType = wrapper.framework; path = UMSocialCore.framework; sourceTree = "<group>"; };
		9AE08D971DC9C67E0082BF80 /* UMSocialNetwork.framework */ = {isa = PBXFileReference; lastKnownFileType = wrapper.framework; path = UMSocialNetwork.framework; sourceTree = "<group>"; };
		9AE08D9C1DC9C6DC0082BF80 /* UMSocialSDKResources.bundle */ = {isa = PBXFileReference; lastKnownFileType = "wrapper.plug-in"; path = UMSocialSDKResources.bundle; sourceTree = "<group>"; };
		9AE08D9D1DC9C6DC0082BF80 /* UMShareMenuItem.h */ = {isa = PBXFileReference; lastKnownFileType = sourcecode.c.h; path = UMShareMenuItem.h; sourceTree = "<group>"; };
		9AE08D9E1DC9C6DC0082BF80 /* UMShareMenuItem.m */ = {isa = PBXFileReference; lastKnownFileType = sourcecode.c.objc; path = UMShareMenuItem.m; sourceTree = "<group>"; };
		9AE08D9F1DC9C6DC0082BF80 /* UMShareMenuSelectionView.h */ = {isa = PBXFileReference; lastKnownFileType = sourcecode.c.h; path = UMShareMenuSelectionView.h; sourceTree = "<group>"; };
		9AE08DA01DC9C6DC0082BF80 /* UMShareMenuSelectionView.m */ = {isa = PBXFileReference; lastKnownFileType = sourcecode.c.objc; path = UMShareMenuSelectionView.m; sourceTree = "<group>"; };
		9AE08DA11DC9C6DC0082BF80 /* UMSocialShareScrollView.h */ = {isa = PBXFileReference; lastKnownFileType = sourcecode.c.h; path = UMSocialShareScrollView.h; sourceTree = "<group>"; };
		9AE08DA21DC9C6DC0082BF80 /* UMSocialShareScrollView.m */ = {isa = PBXFileReference; lastKnownFileType = sourcecode.c.objc; path = UMSocialShareScrollView.m; sourceTree = "<group>"; };
		9AE08DA31DC9C6DC0082BF80 /* UMSocialUIManager.h */ = {isa = PBXFileReference; lastKnownFileType = sourcecode.c.h; path = UMSocialUIManager.h; sourceTree = "<group>"; };
		9AE08DA41DC9C6DC0082BF80 /* UMSocialUIManager.m */ = {isa = PBXFileReference; lastKnownFileType = sourcecode.c.objc; path = UMSocialUIManager.m; sourceTree = "<group>"; };
		F111F3C21CE566070081ADC9 /* libRCTUmengShare.a */ = {isa = PBXFileReference; explicitFileType = archive.ar; includeInIndex = 0; path = libRCTUmengShare.a; sourceTree = BUILT_PRODUCTS_DIR; };
		F111F3C51CE566070081ADC9 /* RCTUmengShare.h */ = {isa = PBXFileReference; lastKnownFileType = sourcecode.c.h; path = RCTUmengShare.h; sourceTree = "<group>"; };
		F111F3C71CE566070081ADC9 /* RCTUmengShare.m */ = {isa = PBXFileReference; lastKnownFileType = sourcecode.c.objc; path = RCTUmengShare.m; sourceTree = "<group>"; };
/* End PBXFileReference section */

/* Begin PBXFrameworksBuildPhase section */
		F111F3BF1CE566070081ADC9 /* Frameworks */ = {
			isa = PBXFrameworksBuildPhase;
			buildActionMask = 2147483647;
			files = (
				9AE08D991DC9C67E0082BF80 /* UMSocialNetwork.framework in Frameworks */,
				9AE08D981DC9C67E0082BF80 /* UMSocialCore.framework in Frameworks */,
			);
			runOnlyForDeploymentPostprocessing = 0;
		};
/* End PBXFrameworksBuildPhase section */

/* Begin PBXGroup section */
		9AE08C831DC9868D0082BF80 /* Libraries */ = {
			isa = PBXGroup;
			children = (
				9AE08D9A1DC9C6DC0082BF80 /* UMSocialUI */,
				9AE08D951DC9C67E0082BF80 /* UMSocialSDK */,
			);
			name = Libraries;
			sourceTree = "<group>";
		};
		9AE08D951DC9C67E0082BF80 /* UMSocialSDK */ = {
			isa = PBXGroup;
			children = (
				9AE08D961DC9C67E0082BF80 /* UMSocialCore.framework */,
				9AE08D971DC9C67E0082BF80 /* UMSocialNetwork.framework */,
			);
			name = UMSocialSDK;
			path = RCTUmengShare/UmengShare/UMSocialSDK;
			sourceTree = "<group>";
		};
		9AE08D9A1DC9C6DC0082BF80 /* UMSocialUI */ = {
			isa = PBXGroup;
			children = (
				9AE08D9B1DC9C6DC0082BF80 /* Resource */,
				9AE08D9D1DC9C6DC0082BF80 /* UMShareMenuItem.h */,
				9AE08D9E1DC9C6DC0082BF80 /* UMShareMenuItem.m */,
				9AE08D9F1DC9C6DC0082BF80 /* UMShareMenuSelectionView.h */,
				9AE08DA01DC9C6DC0082BF80 /* UMShareMenuSelectionView.m */,
				9AE08DA11DC9C6DC0082BF80 /* UMSocialShareScrollView.h */,
				9AE08DA21DC9C6DC0082BF80 /* UMSocialShareScrollView.m */,
				9AE08DA31DC9C6DC0082BF80 /* UMSocialUIManager.h */,
				9AE08DA41DC9C6DC0082BF80 /* UMSocialUIManager.m */,
			);
			name = UMSocialUI;
			path = RCTUmengShare/UmengShare/UMSocialUI;
			sourceTree = "<group>";
		};
		9AE08D9B1DC9C6DC0082BF80 /* Resource */ = {
			isa = PBXGroup;
			children = (
				9AE08D9C1DC9C6DC0082BF80 /* UMSocialSDKResources.bundle */,
			);
			path = Resource;
			sourceTree = "<group>";
		};
		F111F3B91CE566070081ADC9 = {
			isa = PBXGroup;
			children = (
				F111F3C41CE566070081ADC9 /* RCTUmengShare */,
				9AE08C831DC9868D0082BF80 /* Libraries */,
				F111F3C31CE566070081ADC9 /* Products */,
			);
			sourceTree = "<group>";
		};
		F111F3C31CE566070081ADC9 /* Products */ = {
			isa = PBXGroup;
			children = (
				F111F3C21CE566070081ADC9 /* libRCTUmengShare.a */,
			);
			name = Products;
			sourceTree = "<group>";
		};
		F111F3C41CE566070081ADC9 /* RCTUmengShare */ = {
			isa = PBXGroup;
			children = (
				F111F3C51CE566070081ADC9 /* RCTUmengShare.h */,
				F111F3C71CE566070081ADC9 /* RCTUmengShare.m */,
			);
			path = RCTUmengShare;
			sourceTree = "<group>";
		};
/* End PBXGroup section */

/* Begin PBXNativeTarget section */
		F111F3C11CE566070081ADC9 /* RCTUmengShare */ = {
			isa = PBXNativeTarget;
			buildConfigurationList = F111F3CB1CE566070081ADC9 /* Build configuration list for PBXNativeTarget "RCTUmengShare" */;
			buildPhases = (
				F111F3BE1CE566070081ADC9 /* Sources */,
				F111F3BF1CE566070081ADC9 /* Frameworks */,
				F111F3C01CE566070081ADC9 /* CopyFiles */,
			);
			buildRules = (
			);
			dependencies = (
			);
			name = RCTUmengShare;
			productName = RCTUmengShare;
			productReference = F111F3C21CE566070081ADC9 /* libRCTUmengShare.a */;
			productType = "com.apple.product-type.library.static";
		};
/* End PBXNativeTarget section */

/* Begin PBXProject section */
		F111F3BA1CE566070081ADC9 /* Project object */ = {
			isa = PBXProject;
			attributes = {
				LastUpgradeCheck = 0730;
				ORGANIZATIONNAME = lixiang;
				TargetAttributes = {
					F111F3C11CE566070081ADC9 = {
						CreatedOnToolsVersion = 7.3;
					};
				};
			};
			buildConfigurationList = F111F3BD1CE566070081ADC9 /* Build configuration list for PBXProject "RCTUmengShare" */;
			compatibilityVersion = "Xcode 3.2";
			developmentRegion = English;
			hasScannedForEncodings = 0;
			knownRegions = (
				en,
				"zh-Hans",
			);
			mainGroup = F111F3B91CE566070081ADC9;
			productRefGroup = F111F3C31CE566070081ADC9 /* Products */;
			projectDirPath = "";
			projectRoot = "";
			targets = (
				F111F3C11CE566070081ADC9 /* RCTUmengShare */,
			);
		};
/* End PBXProject section */

/* Begin PBXSourcesBuildPhase section */
		F111F3BE1CE566070081ADC9 /* Sources */ = {
			isa = PBXSourcesBuildPhase;
			buildActionMask = 2147483647;
			files = (
				F111F3C81CE566070081ADC9 /* RCTUmengShare.m in Sources */,
			);
			runOnlyForDeploymentPostprocessing = 0;
		};
/* End PBXSourcesBuildPhase section */

/* Begin XCBuildConfiguration section */
		F111F3C91CE566070081ADC9 /* Debug */ = {
			isa = XCBuildConfiguration;
			buildSettings = {
				ALWAYS_SEARCH_USER_PATHS = NO;
				CLANG_ANALYZER_NONNULL = YES;
				CLANG_CXX_LANGUAGE_STANDARD = "gnu++0x";
				CLANG_CXX_LIBRARY = "libc++";
				CLANG_ENABLE_MODULES = YES;
				CLANG_ENABLE_OBJC_ARC = YES;
				CLANG_WARN_BOOL_CONVERSION = YES;
				CLANG_WARN_CONSTANT_CONVERSION = YES;
				CLANG_WARN_DIRECT_OBJC_ISA_USAGE = YES_ERROR;
				CLANG_WARN_EMPTY_BODY = YES;
				CLANG_WARN_ENUM_CONVERSION = YES;
				CLANG_WARN_INT_CONVERSION = YES;
				CLANG_WARN_OBJC_ROOT_CLASS = YES_ERROR;
				CLANG_WARN_UNREACHABLE_CODE = YES;
				CLANG_WARN__DUPLICATE_METHOD_MATCH = YES;
				"CODE_SIGN_IDENTITY[sdk=iphoneos*]" = "iPhone Developer";
				COPY_PHASE_STRIP = NO;
				DEBUG_INFORMATION_FORMAT = dwarf;
				ENABLE_STRICT_OBJC_MSGSEND = YES;
				ENABLE_TESTABILITY = YES;
				GCC_C_LANGUAGE_STANDARD = gnu99;
				GCC_DYNAMIC_NO_PIC = NO;
				GCC_NO_COMMON_BLOCKS = YES;
				GCC_OPTIMIZATION_LEVEL = 0;
				GCC_PREPROCESSOR_DEFINITIONS = (
					"DEBUG=1",
					"$(inherited)",
				);
				GCC_WARN_64_TO_32_BIT_CONVERSION = YES;
				GCC_WARN_ABOUT_RETURN_TYPE = YES_ERROR;
				GCC_WARN_UNDECLARED_SELECTOR = YES;
				GCC_WARN_UNINITIALIZED_AUTOS = YES_AGGRESSIVE;
				GCC_WARN_UNUSED_FUNCTION = YES;
				GCC_WARN_UNUSED_VARIABLE = YES;
				IPHONEOS_DEPLOYMENT_TARGET = 7.0;
				MTL_ENABLE_DEBUG_INFO = YES;
				ONLY_ACTIVE_ARCH = YES;
				SDKROOT = iphoneos;
			};
			name = Debug;
		};
		F111F3CA1CE566070081ADC9 /* Release */ = {
			isa = XCBuildConfiguration;
			buildSettings = {
				ALWAYS_SEARCH_USER_PATHS = NO;
				CLANG_ANALYZER_NONNULL = YES;
				CLANG_CXX_LANGUAGE_STANDARD = "gnu++0x";
				CLANG_CXX_LIBRARY = "libc++";
				CLANG_ENABLE_MODULES = YES;
				CLANG_ENABLE_OBJC_ARC = YES;
				CLANG_WARN_BOOL_CONVERSION = YES;
				CLANG_WARN_CONSTANT_CONVERSION = YES;
				CLANG_WARN_DIRECT_OBJC_ISA_USAGE = YES_ERROR;
				CLANG_WARN_EMPTY_BODY = YES;
				CLANG_WARN_ENUM_CONVERSION = YES;
				CLANG_WARN_INT_CONVERSION = YES;
				CLANG_WARN_OBJC_ROOT_CLASS = YES_ERROR;
				CLANG_WARN_UNREACHABLE_CODE = YES;
				CLANG_WARN__DUPLICATE_METHOD_MATCH = YES;
				"CODE_SIGN_IDENTITY[sdk=iphoneos*]" = "iPhone Developer";
				COPY_PHASE_STRIP = NO;
				DEBUG_INFORMATION_FORMAT = "dwarf-with-dsym";
				ENABLE_NS_ASSERTIONS = NO;
				ENABLE_STRICT_OBJC_MSGSEND = YES;
				GCC_C_LANGUAGE_STANDARD = gnu99;
				GCC_NO_COMMON_BLOCKS = YES;
				GCC_WARN_64_TO_32_BIT_CONVERSION = YES;
				GCC_WARN_ABOUT_RETURN_TYPE = YES_ERROR;
				GCC_WARN_UNDECLARED_SELECTOR = YES;
				GCC_WARN_UNINITIALIZED_AUTOS = YES_AGGRESSIVE;
				GCC_WARN_UNUSED_FUNCTION = YES;
				GCC_WARN_UNUSED_VARIABLE = YES;
				IPHONEOS_DEPLOYMENT_TARGET = 7.0;
				MTL_ENABLE_DEBUG_INFO = NO;
				SDKROOT = iphoneos;
				VALIDATE_PRODUCT = YES;
			};
			name = Release;
		};
		F111F3CC1CE566070081ADC9 /* Debug */ = {
			isa = XCBuildConfiguration;
			buildSettings = {
				FRAMEWORK_SEARCH_PATHS = (
					"$(inherited)",
					"$(PROJECT_DIR)/RCTUmengShare/UmengSocial/UMSocial_Sdk_Extra_Frameworks/TencentOpenAPI",
					"$(PROJECT_DIR)/RCTUmengShare/UmengShare/UMSocialSDK",
				);
				HEADER_SEARCH_PATHS = (
					"$(PROJECT_DIR)/../../react-native/React/**",
					"$(PROJECT_DIR)/../../react-native/Libraries/Image/**",
				);
				LIBRARY_SEARCH_PATHS = (
					"$(inherited)",
					"$(PROJECT_DIR)/RCTUmengShare/UmengSocial/UMSocial_Sdk_5.1",
					"$(PROJECT_DIR)/RCTUmengShare/UmengSocial/UMSocial_Sdk_Extra_Frameworks/SinaSSO",
					"$(PROJECT_DIR)/RCTUmengShare/UmengSocial/UMSocial_Sdk_Extra_Frameworks/TencentOpenAPI",
					"$(PROJECT_DIR)/RCTUmengShare/UmengSocial/UMSocial_Sdk_Extra_Frameworks/Wechat",
				);
				OTHER_LDFLAGS = "-ObjC";
				PRODUCT_NAME = "$(TARGET_NAME)";
				SKIP_INSTALL = YES;
			};
			name = Debug;
		};
		F111F3CD1CE566070081ADC9 /* Release */ = {
			isa = XCBuildConfiguration;
			buildSettings = {
				FRAMEWORK_SEARCH_PATHS = (
					"$(inherited)",
					"$(PROJECT_DIR)/RCTUmengShare/UmengSocial/UMSocial_Sdk_Extra_Frameworks/TencentOpenAPI",
					"$(PROJECT_DIR)/RCTUmengShare/UmengShare/UMSocialSDK",
				);
				HEADER_SEARCH_PATHS = (
					"$(PROJECT_DIR)/../../react-native/React/**",
					"$(PROJECT_DIR)/../../react-native/Libraries/Image/**",
				);
				LIBRARY_SEARCH_PATHS = (
					"$(inherited)",
					"$(PROJECT_DIR)/RCTUmengShare/UmengSocial/UMSocial_Sdk_5.1",
					"$(PROJECT_DIR)/RCTUmengShare/UmengSocial/UMSocial_Sdk_Extra_Frameworks/SinaSSO",
					"$(PROJECT_DIR)/RCTUmengShare/UmengSocial/UMSocial_Sdk_Extra_Frameworks/TencentOpenAPI",
					"$(PROJECT_DIR)/RCTUmengShare/UmengSocial/UMSocial_Sdk_Extra_Frameworks/Wechat",
				);
				OTHER_LDFLAGS = "-ObjC";
				PRODUCT_NAME = "$(TARGET_NAME)";
				SKIP_INSTALL = YES;
			};
			name = Release;
		};
/* End XCBuildConfiguration section */

/* Begin XCConfigurationList section */
		F111F3BD1CE566070081ADC9 /* Build configuration list for PBXProject "RCTUmengShare" */ = {
			isa = XCConfigurationList;
			buildConfigurations = (
				F111F3C91CE566070081ADC9 /* Debug */,
				F111F3CA1CE566070081ADC9 /* Release */,
			);
			defaultConfigurationIsVisible = 0;
			defaultConfigurationName = Release;
		};
		F111F3CB1CE566070081ADC9 /* Build configuration list for PBXNativeTarget "RCTUmengShare" */ = {
			isa = XCConfigurationList;
			buildConfigurations = (
				F111F3CC1CE566070081ADC9 /* Debug */,
				F111F3CD1CE566070081ADC9 /* Release */,
			);
			defaultConfigurationIsVisible = 0;
			defaultConfigurationName = Release;
		};
/* End XCConfigurationList section */
	};
	rootObject = F111F3BA1CE566070081ADC9 /* Project object */;
}
